
Microsoft Visual Studio Solution File, Format Version 12.00
# Visual Studio 15
VisualStudioVersion = 15.0.26730.12
MinimumVisualStudioVersion = 10.0.40219.1
Project("{FAE04EC0-301F-11D3-BF4B-00C04F79EFBC}") = "Instrument", "Instrument\Instrument.csproj", "{C83BEA1F-6FAA-4623-BE92-D25D4547E71C}"
EndProject
Project("{2150E333-8FDC-42A3-9474-1A3956D46DE8}") = "Instrument", "Instrument", "{470C83B5-7412-4A7A-9DFE-F72F3D5C2E3F}"
EndProject
Project("{2150E333-8FDC-42A3-9474-1A3956D46DE8}") = "Gui", "Gui", "{7CAA52B6-E066-48A7-8C6B-AB0D2603B57B}"
EndProject
Project("{FAE04EC0-301F-11D3-BF4B-00C04F79EFBC}") = "FloatingGui", "Gui\FloatingGui\FloatingGui.csproj", "{14164F41-713F-44E1-940F-E35501849388}"
EndProject
Project("{2150E333-8FDC-42A3-9474-1A3956D46DE8}") = "Controls", "Controls", "{3ADD32D9-D9D9-40B0-8AE8-7A4C658AC9D5}"
EndProject
Project("{FAE04EC0-301F-11D3-BF4B-00C04F79EFBC}") = "FloatDock", "Gui\Controls\FloatDock\FloatDock.csproj", "{915C5FAE-E1C0-43C8-ABBB-D40C69AC179E}"
EndProject
Project("{2150E333-8FDC-42A3-9474-1A3956D46DE8}") = "PlayGround", "PlayGround", "{AC0C05B1-4226-40B8-981B-7A569360FED7}"
EndProject
Project("{2150E333-8FDC-42A3-9474-1A3956D46DE8}") = "Tests", "Tests", "{B9D15DD1-C8A5-42EC-AEBF-BA56FD793719}"
EndProject
Project("{2150E333-8FDC-42A3-9474-1A3956D46DE8}") = "Themes", "Themes", "{A266E450-71E9-4A02-AF99-55A9789DAC42}"
EndProject
Project("{2150E333-8FDC-42A3-9474-1A3956D46DE8}") = "Libs", "Libs", "{A24CD6A1-F804-479E-88D4-CA9E787A572C}"
EndProject
Project("{2150E333-8FDC-42A3-9474-1A3956D46DE8}") = "Shared", "Shared", "{F7E840C4-4FEB-4BA8-95AE-DE1B62F06F3C}"
EndProject
Project("{2150E333-8FDC-42A3-9474-1A3956D46DE8}") = "Controllers", "Controllers", "{04382B1F-2DE5-4C77-A68B-1BDD0CD29DE0}"
EndProject
Project("{FAE04EC0-301F-11D3-BF4B-00C04F79EFBC}") = "Utilities", "Shared\Utilities\Utilities.csproj", "{12C585E3-2659-4282-BF33-4A3B968CE8BC}"
EndProject
Project("{FAE04EC0-301F-11D3-BF4B-00C04F79EFBC}") = "Interfaces", "Shared\Interfaces\Interfaces.csproj", "{DF8DC57E-18C4-4636-8849-24C56A4E1B61}"
EndProject
Global
	GlobalSection(SolutionConfigurationPlatforms) = preSolution
		Debug|Any CPU = Debug|Any CPU
		Release|Any CPU = Release|Any CPU
	EndGlobalSection
	GlobalSection(ProjectConfigurationPlatforms) = postSolution
		{C83BEA1F-6FAA-4623-BE92-D25D4547E71C}.Debug|Any CPU.ActiveCfg = Debug|Any CPU
		{C83BEA1F-6FAA-4623-BE92-D25D4547E71C}.Debug|Any CPU.Build.0 = Debug|Any CPU
		{C83BEA1F-6FAA-4623-BE92-D25D4547E71C}.Release|Any CPU.ActiveCfg = Release|Any CPU
		{C83BEA1F-6FAA-4623-BE92-D25D4547E71C}.Release|Any CPU.Build.0 = Release|Any CPU
		{14164F41-713F-44E1-940F-E35501849388}.Debug|Any CPU.ActiveCfg = Debug|Any CPU
		{14164F41-713F-44E1-940F-E35501849388}.Debug|Any CPU.Build.0 = Debug|Any CPU
		{14164F41-713F-44E1-940F-E35501849388}.Release|Any CPU.ActiveCfg = Release|Any CPU
		{14164F41-713F-44E1-940F-E35501849388}.Release|Any CPU.Build.0 = Release|Any CPU
		{915C5FAE-E1C0-43C8-ABBB-D40C69AC179E}.Debug|Any CPU.ActiveCfg = Debug|Any CPU
		{915C5FAE-E1C0-43C8-ABBB-D40C69AC179E}.Debug|Any CPU.Build.0 = Debug|Any CPU
		{915C5FAE-E1C0-43C8-ABBB-D40C69AC179E}.Release|Any CPU.ActiveCfg = Release|Any CPU
		{915C5FAE-E1C0-43C8-ABBB-D40C69AC179E}.Release|Any CPU.Build.0 = Release|Any CPU
		{12C585E3-2659-4282-BF33-4A3B968CE8BC}.Debug|Any CPU.ActiveCfg = Debug|Any CPU
		{12C585E3-2659-4282-BF33-4A3B968CE8BC}.Debug|Any CPU.Build.0 = Debug|Any CPU
		{12C585E3-2659-4282-BF33-4A3B968CE8BC}.Release|Any CPU.ActiveCfg = Release|Any CPU
		{12C585E3-2659-4282-BF33-4A3B968CE8BC}.Release|Any CPU.Build.0 = Release|Any CPU
		{DF8DC57E-18C4-4636-8849-24C56A4E1B61}.Debug|Any CPU.ActiveCfg = Debug|Any CPU
		{DF8DC57E-18C4-4636-8849-24C56A4E1B61}.Debug|Any CPU.Build.0 = Debug|Any CPU
		{DF8DC57E-18C4-4636-8849-24C56A4E1B61}.Release|Any CPU.ActiveCfg = Release|Any CPU
		{DF8DC57E-18C4-4636-8849-24C56A4E1B61}.Release|Any CPU.Build.0 = Release|Any CPU
	EndGlobalSection
	GlobalSection(SolutionProperties) = preSolution
		HideSolutionNode = FALSE
	EndGlobalSection
	GlobalSection(NestedProjects) = preSolution
		{C83BEA1F-6FAA-4623-BE92-D25D4547E71C} = {470C83B5-7412-4A7A-9DFE-F72F3D5C2E3F}
		{7CAA52B6-E066-48A7-8C6B-AB0D2603B57B} = {470C83B5-7412-4A7A-9DFE-F72F3D5C2E3F}
		{14164F41-713F-44E1-940F-E35501849388} = {7CAA52B6-E066-48A7-8C6B-AB0D2603B57B}
		{3ADD32D9-D9D9-40B0-8AE8-7A4C658AC9D5} = {7CAA52B6-E066-48A7-8C6B-AB0D2603B57B}
		{915C5FAE-E1C0-43C8-ABBB-D40C69AC179E} = {3ADD32D9-D9D9-40B0-8AE8-7A4C658AC9D5}
		{A266E450-71E9-4A02-AF99-55A9789DAC42} = {7CAA52B6-E066-48A7-8C6B-AB0D2603B57B}
		{A24CD6A1-F804-479E-88D4-CA9E787A572C} = {470C83B5-7412-4A7A-9DFE-F72F3D5C2E3F}
		{F7E840C4-4FEB-4BA8-95AE-DE1B62F06F3C} = {470C83B5-7412-4A7A-9DFE-F72F3D5C2E3F}
		{04382B1F-2DE5-4C77-A68B-1BDD0CD29DE0} = {470C83B5-7412-4A7A-9DFE-F72F3D5C2E3F}
		{12C585E3-2659-4282-BF33-4A3B968CE8BC} = {F7E840C4-4FEB-4BA8-95AE-DE1B62F06F3C}
		{DF8DC57E-18C4-4636-8849-24C56A4E1B61} = {F7E840C4-4FEB-4BA8-95AE-DE1B62F06F3C}
	EndGlobalSection
	GlobalSection(ExtensibilityGlobals) = postSolution
		SolutionGuid = {BFAAFA6D-1B64-409A-A18F-ACE04F00D0D3}
	EndGlobalSection
EndGlobal
